
Microsoft Visual Studio Solution File, Format Version 12.00
# Visual Studio Version 17
VisualStudioVersion = 17.14.36915.13 d17.14
MinimumVisualStudioVersion = 10.0.40219.1
Project("{FAE04EC0-301F-11D3-BF4B-00C04F79EFBC}") = "Gift of Givers", "Gift of Givers.csproj", "{7EA27BD3-3CA7-4A84-B3A0-31B7C4276579}"
EndProject
Project("{FAE04EC0-301F-11D3-BF4B-00C04F79EFBC}") = "Gift of Givers.Tests", "Gift of Givers.Tests\Gift of Givers.Tests.csproj", "{3C5B1A72-9D4E-4F0B-8A61-52E7D0C1B4A9}"
EndProject
Global
	GlobalSection(SolutionConfigurationPlatforms) = preSolution
		Debug|Any CPU = Debug|Any CPU
		Release|Any CPU = Release|Any CPU
	EndGlobalSection
	GlobalSection(ProjectConfigurationPlatforms) = postSolution
		{7EA27BD3-3CA7-4A84-B3A0-31B7C4276579}.Debug|Any CPU.ActiveCfg = Debug|Any CPU
		{7EA27BD3-3CA7-4A84-B3A0-31B7C4276579}.Debug|Any CPU.Build.0 = Debug|Any CPU
		{7EA27BD3-3CA7-4A84-B3A0-31B7C4276579}.Release|Any CPU.ActiveCfg = Release|Any CPU
		{7EA27BD3-3CA7-4A84-B3A0-31B7C4276579}.Release|Any CPU.Build.0 = Release|Any CPU
		{3C5B1A72-9D4E-4F0B-8A61-52E7D0C1B4A9}.Debug|Any CPU.ActiveCfg = Debug|Any CPU
		{3C5B1A72-9D4E-4F0B-8A61-52E7D0C1B4A9}.Debug|Any CPU.Build.0 = Debug|Any CPU
		{3C5B1A72-9D4E-4F0B-8A61-52E7D0C1B4A9}.Release|Any CPU.ActiveCfg = Release|Any CPU
		{3C5B1A72-9D4E-4F0B-8A61-52E7D0C1B4A9}.Release|Any CPU.Build.0 = Release|Any CPU
	EndGlobalSection
	GlobalSection(SolutionProperties) = preSolution
		HideSolutionNode = FALSE
	EndGlobalSection
	GlobalSection(ExtensibilityGlobals) = postSolution
		SolutionGuid = {D8EBFEE2-D6BA-48F6-936F-708E7CBD9138}
	EndGlobalSection
EndGlobal
